// !$*UTF8*$!
{
	archiveVersion = 1;
	classes = {
	};
	objectVersion = 46;
	objects = {

/* Begin PBXBuildFile section */
		490976861AE845CC005EE2C2 /* MP3Player.cpp in Sources */ = {isa = PBXBuildFile; fileRef = 490976841AE845CC005EE2C2 /* MP3Player.cpp */; };
		490976891AE846FF005EE2C2 /* MP3PlayerState.cpp in Sources */ = {isa = PBXBuildFile; fileRef = 490976871AE846FF005EE2C2 /* MP3PlayerState.cpp */; };
		4909768C1AE8481F005EE2C2 /* MP3PlayerStateDerivedClasses.cpp in Sources */ = {isa = PBXBuildFile; fileRef = 4909768A1AE8481F005EE2C2 /* MP3PlayerStateDerivedClasses.cpp */; };
		490EF1A21ACF3EAB000D2126 /* Composite.cpp in Sources */ = {isa = PBXBuildFile; fileRef = 490EF1A01ACF3EAB000D2126 /* Composite.cpp */; };
		49609EEA1AD5D74300C220A8 /* Visitor.cpp in Sources */ = {isa = PBXBuildFile; fileRef = 49609EE81AD5D74300C220A8 /* Visitor.cpp */; };
		49957C771ACC9AC700E06773 /* Expression.cpp in Sources */ = {isa = PBXBuildFile; fileRef = 49957C751ACC9AC700E06773 /* Expression.cpp */; };
		49F9E6B51AC36135001E288E /* main.cpp in Sources */ = {isa = PBXBuildFile; fileRef = 49F9E6B41AC36135001E288E /* main.cpp */; };
		49FB257B1AD877A90026D8CF /* Tree.cpp in Sources */ = {isa = PBXBuildFile; fileRef = 49FB25791AD877A90026D8CF /* Tree.cpp */; };
		49FB25811ADC670C0026D8CF /* Command.cpp in Sources */ = {isa = PBXBuildFile; fileRef = 49FB257F1ADC670C0026D8CF /* Command.cpp */; };
		49FE837E1AC602CB00CCFC41 /* Strategy.cpp in Sources */ = {isa = PBXBuildFile; fileRef = 49FE837C1AC602CB00CCFC41 /* Strategy.cpp */; };
		49FE83811AC6037E00CCFC41 /* Observer.cpp in Sources */ = {isa = PBXBuildFile; fileRef = 49FE837F1AC6037E00CCFC41 /* Observer.cpp */; };
		49FE83841AC6038C00CCFC41 /* Subject.cpp in Sources */ = {isa = PBXBuildFile; fileRef = 49FE83821AC6038C00CCFC41 /* Subject.cpp */; };
		49FE83871AC9F29900CCFC41 /* Armor.cpp in Sources */ = {isa = PBXBuildFile; fileRef = 49FE83851AC9F29900CCFC41 /* Armor.cpp */; };
/* End PBXBuildFile section */

/* Begin PBXCopyFilesBuildPhase section */
		49F9E6AF1AC36135001E288E /* CopyFiles */ = {
			isa = PBXCopyFilesBuildPhase;
			buildActionMask = 2147483647;
			dstPath = /usr/share/man/man1/;
			dstSubfolderSpec = 0;
			files = (
			);
			runOnlyForDeploymentPostprocessing = 1;
		};
/* End PBXCopyFilesBuildPhase section */

/* Begin PBXFileReference section */
		490976841AE845CC005EE2C2 /* MP3Player.cpp */ = {isa = PBXFileReference; fileEncoding = 4; lastKnownFileType = sourcecode.cpp.cpp; path = MP3Player.cpp; sourceTree = "<group>"; };
		490976851AE845CC005EE2C2 /* MP3Player.h */ = {isa = PBXFileReference; fileEncoding = 4; lastKnownFileType = sourcecode.c.h; path = MP3Player.h; sourceTree = "<group>"; };
		490976871AE846FF005EE2C2 /* MP3PlayerState.cpp */ = {isa = PBXFileReference; fileEncoding = 4; lastKnownFileType = sourcecode.cpp.cpp; path = MP3PlayerState.cpp; sourceTree = "<group>"; };
		490976881AE846FF005EE2C2 /* MP3PlayerState.h */ = {isa = PBXFileReference; fileEncoding = 4; lastKnownFileType = sourcecode.c.h; path = MP3PlayerState.h; sourceTree = "<group>"; };
		4909768A1AE8481F005EE2C2 /* MP3PlayerStateDerivedClasses.cpp */ = {isa = PBXFileReference; fileEncoding = 4; lastKnownFileType = sourcecode.cpp.cpp; path = MP3PlayerStateDerivedClasses.cpp; sourceTree = "<group>"; };
		4909768B1AE8481F005EE2C2 /* MP3PlayerStateDerivedClasses.h */ = {isa = PBXFileReference; fileEncoding = 4; lastKnownFileType = sourcecode.c.h; path = MP3PlayerStateDerivedClasses.h; sourceTree = "<group>"; };
		490EF1A01ACF3EAB000D2126 /* Composite.cpp */ = {isa = PBXFileReference; fileEncoding = 4; lastKnownFileType = sourcecode.cpp.cpp; path = Composite.cpp; sourceTree = "<group>"; };
		490EF1A11ACF3EAB000D2126 /* Composite.h */ = {isa = PBXFileReference; fileEncoding = 4; lastKnownFileType = sourcecode.c.h; path = Composite.h; sourceTree = "<group>"; };
		49609EE81AD5D74300C220A8 /* Visitor.cpp */ = {isa = PBXFileReference; fileEncoding = 4; lastKnownFileType = sourcecode.cpp.cpp; path = Visitor.cpp; sourceTree = "<group>"; };
		49609EE91AD5D74300C220A8 /* Visitor.h */ = {isa = PBXFileReference; fileEncoding = 4; lastKnownFileType = sourcecode.c.h; path = Visitor.h; sourceTree = "<group>"; };
		49957C751ACC9AC700E06773 /* Expression.cpp */ = {isa = PBXFileReference; fileEncoding = 4; lastKnownFileType = sourcecode.cpp.cpp; path = Expression.cpp; sourceTree = "<group>"; };
		49957C761ACC9AC700E06773 /* Expression.h */ = {isa = PBXFileReference; fileEncoding = 4; lastKnownFileType = sourcecode.c.h; path = Expression.h; sourceTree = "<group>"; };
		49F9E6B11AC36135001E288E /* CS372 2015 Design Patterns */ = {isa = PBXFileReference; explicitFileType = "compiled.mach-o.executable"; includeInIndex = 0; path = "CS372 2015 Design Patterns"; sourceTree = BUILT_PRODUCTS_DIR; };
		49F9E6B41AC36135001E288E /* main.cpp */ = {isa = PBXFileReference; lastKnownFileType = sourcecode.cpp.cpp; path = main.cpp; sourceTree = "<group>"; };
		49FB25791AD877A90026D8CF /* Tree.cpp */ = {isa = PBXFileReference; fileEncoding = 4; lastKnownFileType = sourcecode.cpp.cpp; path = Tree.cpp; sourceTree = "<group>"; };
		49FB257A1AD877A90026D8CF /* Tree.h */ = {isa = PBXFileReference; fileEncoding = 4; lastKnownFileType = sourcecode.c.h; path = Tree.h; sourceTree = "<group>"; };
		49FB257F1ADC670C0026D8CF /* Command.cpp */ = {isa = PBXFileReference; fileEncoding = 4; lastKnownFileType = sourcecode.cpp.cpp; path = Command.cpp; sourceTree = "<group>"; };
		49FB25801ADC670C0026D8CF /* Command.h */ = {isa = PBXFileReference; fileEncoding = 4; lastKnownFileType = sourcecode.c.h; path = Command.h; sourceTree = "<group>"; };
		49FE837C1AC602CB00CCFC41 /* Strategy.cpp */ = {isa = PBXFileReference; fileEncoding = 4; lastKnownFileType = sourcecode.cpp.cpp; path = Strategy.cpp; sourceTree = "<group>"; };
		49FE837D1AC602CB00CCFC41 /* Strategy.h */ = {isa = PBXFileReference; fileEncoding = 4; lastKnownFileType = sourcecode.c.h; path = Strategy.h; sourceTree = "<group>"; };
		49FE837F1AC6037E00CCFC41 /* Observer.cpp */ = {isa = PBXFileReference; fileEncoding = 4; lastKnownFileType = sourcecode.cpp.cpp; path = Observer.cpp; sourceTree = "<group>"; };
		49FE83801AC6037E00CCFC41 /* Observer.h */ = {isa = PBXFileReference; fileEncoding = 4; lastKnownFileType = sourcecode.c.h; path = Observer.h; sourceTree = "<group>"; };
		49FE83821AC6038C00CCFC41 /* Subject.cpp */ = {isa = PBXFileReference; fileEncoding = 4; lastKnownFileType = sourcecode.cpp.cpp; path = Subject.cpp; sourceTree = "<group>"; };
		49FE83831AC6038C00CCFC41 /* Subject.h */ = {isa = PBXFileReference; fileEncoding = 4; lastKnownFileType = sourcecode.c.h; path = Subject.h; sourceTree = "<group>"; };
		49FE83851AC9F29900CCFC41 /* Armor.cpp */ = {isa = PBXFileReference; fileEncoding = 4; lastKnownFileType = sourcecode.cpp.cpp; path = Armor.cpp; sourceTree = "<group>"; };
		49FE83861AC9F29900CCFC41 /* Armor.h */ = {isa = PBXFileReference; fileEncoding = 4; lastKnownFileType = sourcecode.c.h; path = Armor.h; sourceTree = "<group>"; };
/* End PBXFileReference section */

/* Begin PBXFrameworksBuildPhase section */
		49F9E6AE1AC36135001E288E /* Frameworks */ = {
			isa = PBXFrameworksBuildPhase;
			buildActionMask = 2147483647;
			files = (
			);
			runOnlyForDeploymentPostprocessing = 0;
		};
/* End PBXFrameworksBuildPhase section */

/* Begin PBXGroup section */
		49F9E6A81AC36135001E288E = {
			isa = PBXGroup;
			children = (
				49F9E6B31AC36135001E288E /* CS372 2015 Design Patterns */,
				49F9E6B21AC36135001E288E /* Products */,
			);
			sourceTree = "<group>";
		};
		49F9E6B21AC36135001E288E /* Products */ = {
			isa = PBXGroup;
			children = (
				49F9E6B11AC36135001E288E /* CS372 2015 Design Patterns */,
			);
			name = Products;
			sourceTree = "<group>";
		};
		49F9E6B31AC36135001E288E /* CS372 2015 Design Patterns */ = {
			isa = PBXGroup;
			children = (
				49FE837C1AC602CB00CCFC41 /* Strategy.cpp */,
				49FE837D1AC602CB00CCFC41 /* Strategy.h */,
				49F9E6B41AC36135001E288E /* main.cpp */,
				49957C751ACC9AC700E06773 /* Expression.cpp */,
				49957C761ACC9AC700E06773 /* Expression.h */,
				49FE837F1AC6037E00CCFC41 /* Observer.cpp */,
				49FE83801AC6037E00CCFC41 /* Observer.h */,
				49FE83821AC6038C00CCFC41 /* Subject.cpp */,
				49FE83831AC6038C00CCFC41 /* Subject.h */,
				49FE83851AC9F29900CCFC41 /* Armor.cpp */,
				49FE83861AC9F29900CCFC41 /* Armor.h */,
				490EF1A01ACF3EAB000D2126 /* Composite.cpp */,
				49609EE81AD5D74300C220A8 /* Visitor.cpp */,
				49609EE91AD5D74300C220A8 /* Visitor.h */,
				490EF1A11ACF3EAB000D2126 /* Composite.h */,
				49FB25791AD877A90026D8CF /* Tree.cpp */,
				49FB257A1AD877A90026D8CF /* Tree.h */,
				49FB257F1ADC670C0026D8CF /* Command.cpp */,
				49FB25801ADC670C0026D8CF /* Command.h */,
				490976841AE845CC005EE2C2 /* MP3Player.cpp */,
				490976851AE845CC005EE2C2 /* MP3Player.h */,
				490976871AE846FF005EE2C2 /* MP3PlayerState.cpp */,
				490976881AE846FF005EE2C2 /* MP3PlayerState.h */,
				4909768A1AE8481F005EE2C2 /* MP3PlayerStateDerivedClasses.cpp */,
				4909768B1AE8481F005EE2C2 /* MP3PlayerStateDerivedClasses.h */,
			);
			path = "CS372 2015 Design Patterns";
			sourceTree = "<group>";
		};
/* End PBXGroup section */

/* Begin PBXNativeTarget section */
		49F9E6B01AC36135001E288E /* CS372 2015 Design Patterns */ = {
			isa = PBXNativeTarget;
			buildConfigurationList = 49F9E6B81AC36135001E288E /* Build configuration list for PBXNativeTarget "CS372 2015 Design Patterns" */;
			buildPhases = (
				49F9E6AD1AC36135001E288E /* Sources */,
				49F9E6AE1AC36135001E288E /* Frameworks */,
				49F9E6AF1AC36135001E288E /* CopyFiles */,
			);
			buildRules = (
			);
			dependencies = (
			);
			name = "CS372 2015 Design Patterns";
			productName = "CS372 2015 Design Patterns";
			productReference = 49F9E6B11AC36135001E288E /* CS372 2015 Design Patterns */;
			productType = "com.apple.product-type.tool";
		};
/* End PBXNativeTarget section */

/* Begin PBXProject section */
		49F9E6A91AC36135001E288E /* Project object */ = {
			isa = PBXProject;
			attributes = {
				LastUpgradeCheck = 0620;
				ORGANIZATIONNAME = "Chris Hartman";
				TargetAttributes = {
					49F9E6B01AC36135001E288E = {
						CreatedOnToolsVersion = 6.2;
					};
				};
			};
			buildConfigurationList = 49F9E6AC1AC36135001E288E /* Build configuration list for PBXProject "CS372 2015 Design Patterns" */;
			compatibilityVersion = "Xcode 3.2";
			developmentRegion = English;
			hasScannedForEncodings = 0;
			knownRegions = (
				en,
			);
			mainGroup = 49F9E6A81AC36135001E288E;
			productRefGroup = 49F9E6B21AC36135001E288E /* Products */;
			projectDirPath = "";
			projectRoot = "";
			targets = (
				49F9E6B01AC36135001E288E /* CS372 2015 Design Patterns */,
			);
		};
/* End PBXProject section */

/* Begin PBXSourcesBuildPhase section */
		49F9E6AD1AC36135001E288E /* Sources */ = {
			isa = PBXSourcesBuildPhase;
			buildActionMask = 2147483647;
			files = (
				490976861AE845CC005EE2C2 /* MP3Player.cpp in Sources */,
				49FB257B1AD877A90026D8CF /* Tree.cpp in Sources */,
				49FE83841AC6038C00CCFC41 /* Subject.cpp in Sources */,
				49957C771ACC9AC700E06773 /* Expression.cpp in Sources */,
				49FE837E1AC602CB00CCFC41 /* Strategy.cpp in Sources */,
				490976891AE846FF005EE2C2 /* MP3PlayerState.cpp in Sources */,
				490EF1A21ACF3EAB000D2126 /* Composite.cpp in Sources */,
				49609EEA1AD5D74300C220A8 /* Visitor.cpp in Sources */,
				49FE83811AC6037E00CCFC41 /* Observer.cpp in Sources */,
				49FE83871AC9F29900CCFC41 /* Armor.cpp in Sources */,
				49F9E6B51AC36135001E288E /* main.cpp in Sources */,
				49FB25811ADC670C0026D8CF /* Command.cpp in Sources */,
				4909768C1AE8481F005EE2C2 /* MP3PlayerStateDerivedClasses.cpp in Sources */,
			);
			runOnlyForDeploymentPostprocessing = 0;
		};
/* End PBXSourcesBuildPhase section */

/* Begin XCBuildConfiguration section */
		49F9E6B61AC36135001E288E /* Debug */ = {
			isa = XCBuildConfiguration;
			buildSettings = {
				ALWAYS_SEARCH_USER_PATHS = NO;
				CLANG_CXX_LANGUAGE_STANDARD = "gnu++0x";
				CLANG_CXX_LIBRARY = "libc++";
				CLANG_ENABLE_MODULES = YES;
				CLANG_ENABLE_OBJC_ARC = YES;
				CLANG_WARN_BOOL_CONVERSION = YES;
				CLANG_WARN_CONSTANT_CONVERSION = YES;
				CLANG_WARN_DIRECT_OBJC_ISA_USAGE = YES_ERROR;
				CLANG_WARN_EMPTY_BODY = YES;
				CLANG_WARN_ENUM_CONVERSION = YES;
				CLANG_WARN_INT_CONVERSION = YES;
				CLANG_WARN_OBJC_ROOT_CLASS = YES_ERROR;
				CLANG_WARN_UNREACHABLE_CODE = YES;
				CLANG_WARN__DUPLICATE_METHOD_MATCH = YES;
				COPY_PHASE_STRIP = NO;
				ENABLE_STRICT_OBJC_MSGSEND = YES;
				GCC_C_LANGUAGE_STANDARD = gnu99;
				GCC_DYNAMIC_NO_PIC = NO;
				GCC_OPTIMIZATION_LEVEL = 0;
				GCC_PREPROCESSOR_DEFINITIONS = (
					"DEBUG=1",
					"$(inherited)",
				);
				GCC_SYMBOLS_PRIVATE_EXTERN = NO;
				GCC_WARN_64_TO_32_BIT_CONVERSION = YES;
				GCC_WARN_ABOUT_RETURN_TYPE = YES_ERROR;
				GCC_WARN_UNDECLARED_SELECTOR = YES;
				GCC_WARN_UNINITIALIZED_AUTOS = YES_AGGRESSIVE;
				GCC_WARN_UNUSED_FUNCTION = YES;
				GCC_WARN_UNUSED_VARIABLE = YES;
				MACOSX_DEPLOYMENT_TARGET = 10.10;
				MTL_ENABLE_DEBUG_INFO = YES;
				ONLY_ACTIVE_ARCH = YES;
				SDKROOT = macosx;
			};
			name = Debug;
		};
		49F9E6B71AC36135001E288E /* Release */ = {
			isa = XCBuildConfiguration;
			buildSettings = {
				ALWAYS_SEARCH_USER_PATHS = NO;
				CLANG_CXX_LANGUAGE_STANDARD = "gnu++0x";
				CLANG_CXX_LIBRARY = "libc++";
				CLANG_ENABLE_MODULES = YES;
				CLANG_ENABLE_OBJC_ARC = YES;
				CLANG_WARN_BOOL_CONVERSION = YES;
				CLANG_WARN_CONSTANT_CONVERSION = YES;
				CLANG_WARN_DIRECT_OBJC_ISA_USAGE = YES_ERROR;
				CLANG_WARN_EMPTY_BODY = YES;
				CLANG_WARN_ENUM_CONVERSION = YES;
				CLANG_WARN_INT_CONVERSION = YES;
				CLANG_WARN_OBJC_ROOT_CLASS = YES_ERROR;
				CLANG_WARN_UNREACHABLE_CODE = YES;
				CLANG_WARN__DUPLICATE_METHOD_MATCH = YES;
				COPY_PHASE_STRIP = NO;
				DEBUG_INFORMATION_FORMAT = "dwarf-with-dsym";
				ENABLE_NS_ASSERTIONS = NO;
				ENABLE_STRICT_OBJC_MSGSEND = YES;
				GCC_C_LANGUAGE_STANDARD = gnu99;
				GCC_WARN_64_TO_32_BIT_CONVERSION = YES;
				GCC_WARN_ABOUT_RETURN_TYPE = YES_ERROR;
				GCC_WARN_UNDECLARED_SELECTOR = YES;
				GCC_WARN_UNINITIALIZED_AUTOS = YES_AGGRESSIVE;
				GCC_WARN_UNUSED_FUNCTION = YES;
				GCC_WARN_UNUSED_VARIABLE = YES;
				MACOSX_DEPLOYMENT_TARGET = 10.10;
				MTL_ENABLE_DEBUG_INFO = NO;
				SDKROOT = macosx;
			};
			name = Release;
		};
		49F9E6B91AC36135001E288E /* Debug */ = {
			isa = XCBuildConfiguration;
			buildSettings = {
				CLANG_CXX_LANGUAGE_STANDARD = "gnu++14";
				PRODUCT_NAME = "$(TARGET_NAME)";
			};
			name = Debug;
		};
		49F9E6BA1AC36135001E288E /* Release */ = {
			isa = XCBuildConfiguration;
			buildSettings = {
				CLANG_CXX_LANGUAGE_STANDARD = "gnu++14";
				PRODUCT_NAME = "$(TARGET_NAME)";
			};
			name = Release;
		};
/* End XCBuildConfiguration section */

/* Begin XCConfigurationList section */
		49F9E6AC1AC36135001E288E /* Build configuration list for PBXProject "CS372 2015 Design Patterns" */ = {
			isa = XCConfigurationList;
			buildConfigurations = (
				49F9E6B61AC36135001E288E /* Debug */,
				49F9E6B71AC36135001E288E /* Release */,
			);
			defaultConfigurationIsVisible = 0;
			defaultConfigurationName = Release;
		};
		49F9E6B81AC36135001E288E /* Build configuration list for PBXNativeTarget "CS372 2015 Design Patterns" */ = {
			isa = XCConfigurationList;
			buildConfigurations = (
				49F9E6B91AC36135001E288E /* Debug */,
				49F9E6BA1AC36135001E288E /* Release */,
			);
			defaultConfigurationIsVisible = 0;
			defaultConfigurationName = Release;
		};
/* End XCConfigurationList section */
	};
	rootObject = 49F9E6A91AC36135001E288E /* Project object */;
}
